
Microsoft Visual Studio Solution File, Format Version 12.00
# Visual Studio Version 17
VisualStudioVersion = 17.2.32630.192
MinimumVisualStudioVersion = 10.0.40219.1
Project("{2150E333-8FDC-42A3-9474-1A3956D46DE8}") = "Web", "Web", "{2A4DA611-A023-4B4F-BC1A-C6943D8D0467}"
EndProject
Project("{2150E333-8FDC-42A3-9474-1A3956D46DE8}") = "Dal", "Dal", "{272A9C31-63F8-4118-A5C2-141816455DFB}"
EndProject
Project("{2150E333-8FDC-42A3-9474-1A3956D46DE8}") = "Service", "Service", "{2BF1B908-B9F0-4A3C-891C-E40CEAC36293}"
EndProject
Project("{2150E333-8FDC-42A3-9474-1A3956D46DE8}") = "Domain", "Domain", "{202B8D9C-E135-4BA3-B0C7-E233075F51C5}"
EndProject
Project("{9A19103F-16F7-4668-BE54-9A1E7A4F7556}") = "PS.Phonebook.Web", "PS.Phonebook.Web\PS.Phonebook.Web.csproj", "{2D4958C4-EA90-4A5E-9AF0-4ADC559549D4}"
EndProject
Project("{9A19103F-16F7-4668-BE54-9A1E7A4F7556}") = "PS.Phonebook.DAL", "PS.Phonebook.DAL\PS.Phonebook.DAL.csproj", "{C64ECFD4-9B19-415D-9685-A1D5624D0960}"
EndProject
Project("{9A19103F-16F7-4668-BE54-9A1E7A4F7556}") = "PS.Phonebook.Domain", "PS.Automarket.Domain\PS.Phonebook.Domain.csproj", "{1CFF204B-7B46-4E3F-B112-2183A1EF6003}"
EndProject
Project("{9A19103F-16F7-4668-BE54-9A1E7A4F7556}") = "PS.Phonebook.Service", "PS.Automarket.Service\PS.Phonebook.Service.csproj", "{71988025-4B10-4F56-B023-F04EAB32BE8F}"
EndProject
Global
	GlobalSection(SolutionConfigurationPlatforms) = preSolution
		Debug|Any CPU = Debug|Any CPU
		Release|Any CPU = Release|Any CPU
	EndGlobalSection
	GlobalSection(ProjectConfigurationPlatforms) = postSolution
		{2D4958C4-EA90-4A5E-9AF0-4ADC559549D4}.Debug|Any CPU.ActiveCfg = Debug|Any CPU
		{2D4958C4-EA90-4A5E-9AF0-4ADC559549D4}.Debug|Any CPU.Build.0 = Debug|Any CPU
		{2D4958C4-EA90-4A5E-9AF0-4ADC559549D4}.Release|Any CPU.ActiveCfg = Release|Any CPU
		{2D4958C4-EA90-4A5E-9AF0-4ADC559549D4}.Release|Any CPU.Build.0 = Release|Any CPU
		{C64ECFD4-9B19-415D-9685-A1D5624D0960}.Debug|Any CPU.ActiveCfg = Debug|Any CPU
		{C64ECFD4-9B19-415D-9685-A1D5624D0960}.Debug|Any CPU.Build.0 = Debug|Any CPU
		{C64ECFD4-9B19-415D-9685-A1D5624D0960}.Release|Any CPU.ActiveCfg = Release|Any CPU
		{C64ECFD4-9B19-415D-9685-A1D5624D0960}.Release|Any CPU.Build.0 = Release|Any CPU
		{1CFF204B-7B46-4E3F-B112-2183A1EF6003}.Debug|Any CPU.ActiveCfg = Debug|Any CPU
		{1CFF204B-7B46-4E3F-B112-2183A1EF6003}.Debug|Any CPU.Build.0 = Debug|Any CPU
		{1CFF204B-7B46-4E3F-B112-2183A1EF6003}.Release|Any CPU.ActiveCfg = Release|Any CPU
		{1CFF204B-7B46-4E3F-B112-2183A1EF6003}.Release|Any CPU.Build.0 = Release|Any CPU
		{71988025-4B10-4F56-B023-F04EAB32BE8F}.Debug|Any CPU.ActiveCfg = Debug|Any CPU
		{71988025-4B10-4F56-B023-F04EAB32BE8F}.Debug|Any CPU.Build.0 = Debug|Any CPU
		{71988025-4B10-4F56-B023-F04EAB32BE8F}.Release|Any CPU.ActiveCfg = Release|Any CPU
		{71988025-4B10-4F56-B023-F04EAB32BE8F}.Release|Any CPU.Build.0 = Release|Any CPU
	EndGlobalSection
	GlobalSection(SolutionProperties) = preSolution
		HideSolutionNode = FALSE
	EndGlobalSection
	GlobalSection(NestedProjects) = preSolution
		{2D4958C4-EA90-4A5E-9AF0-4ADC559549D4} = {2A4DA611-A023-4B4F-BC1A-C6943D8D0467}
		{C64ECFD4-9B19-415D-9685-A1D5624D0960} = {272A9C31-63F8-4118-A5C2-141816455DFB}
		{1CFF204B-7B46-4E3F-B112-2183A1EF6003} = {202B8D9C-E135-4BA3-B0C7-E233075F51C5}
		{71988025-4B10-4F56-B023-F04EAB32BE8F} = {2BF1B908-B9F0-4A3C-891C-E40CEAC36293}
	EndGlobalSection
	GlobalSection(ExtensibilityGlobals) = postSolution
		SolutionGuid = {A64F2E6F-F64C-4637-9574-E95FB53F2BA4}
	EndGlobalSection
EndGlobal
